
Microsoft Visual Studio Solution File, Format Version 12.00
# Visual Studio 15
VisualStudioVersion = 15.0.28307.168
MinimumVisualStudioVersion = 10.0.40219.1
Project("{9A19103F-16F7-4668-BE54-9A1E7A4F7556}") = "Steamed", "Steamed\Steamed.csproj", "{C29B5534-D27E-4E52-B472-1DEB135F2DA6}"
EndProject
Project("{9A19103F-16F7-4668-BE54-9A1E7A4F7556}") = "Steamed.Core", "Core\Steamed.Core.csproj", "{5DFFB0CD-E66F-4EE0-B64D-99A30B5E72C5}"
EndProject
Project("{9A19103F-16F7-4668-BE54-9A1E7A4F7556}") = "Steamed.Users", "Users\Steamed.Users.csproj", "{1E11CEF6-74FA-423D-A12F-8CB230BF575E}"
EndProject
Project("{2150E333-8FDC-42A3-9474-1A3956D46DE8}") = "Modules", "Modules", "{B156C1D8-567E-4310-8B2F-0B5006471336}"
EndProject
Project("{2150E333-8FDC-42A3-9474-1A3956D46DE8}") = "Shared", "Shared", "{64D3593A-9755-4E55-8E80-E0AA93788541}"
EndProject
Project("{2150E333-8FDC-42A3-9474-1A3956D46DE8}") = "WebApp", "WebApp", "{E7820FDC-4014-47D6-B20E-E92718B5ACBA}"
EndProject
Project("{9A19103F-16F7-4668-BE54-9A1E7A4F7556}") = "Steamed.Games", "Games\Steamed.Games.csproj", "{6E559A40-C19C-4D39-8E75-611CCB2E373B}"
EndProject
Project("{FAE04EC0-301F-11D3-BF4B-00C04F79EFBC}") = "Steamed.Comments", "Steamed.Comments\Steamed.Comments.csproj", "{394AB590-2546-43B0-863E-4019757A4672}"
EndProject
Global
	GlobalSection(SolutionConfigurationPlatforms) = preSolution
		Debug|Any CPU = Debug|Any CPU
		Release|Any CPU = Release|Any CPU
	EndGlobalSection
	GlobalSection(ProjectConfigurationPlatforms) = postSolution
		{C29B5534-D27E-4E52-B472-1DEB135F2DA6}.Debug|Any CPU.ActiveCfg = Debug|Any CPU
		{C29B5534-D27E-4E52-B472-1DEB135F2DA6}.Debug|Any CPU.Build.0 = Debug|Any CPU
		{C29B5534-D27E-4E52-B472-1DEB135F2DA6}.Release|Any CPU.ActiveCfg = Release|Any CPU
		{C29B5534-D27E-4E52-B472-1DEB135F2DA6}.Release|Any CPU.Build.0 = Release|Any CPU
		{5DFFB0CD-E66F-4EE0-B64D-99A30B5E72C5}.Debug|Any CPU.ActiveCfg = Debug|Any CPU
		{5DFFB0CD-E66F-4EE0-B64D-99A30B5E72C5}.Debug|Any CPU.Build.0 = Debug|Any CPU
		{5DFFB0CD-E66F-4EE0-B64D-99A30B5E72C5}.Release|Any CPU.ActiveCfg = Release|Any CPU
		{5DFFB0CD-E66F-4EE0-B64D-99A30B5E72C5}.Release|Any CPU.Build.0 = Release|Any CPU
		{1E11CEF6-74FA-423D-A12F-8CB230BF575E}.Debug|Any CPU.ActiveCfg = Debug|Any CPU
		{1E11CEF6-74FA-423D-A12F-8CB230BF575E}.Debug|Any CPU.Build.0 = Debug|Any CPU
		{1E11CEF6-74FA-423D-A12F-8CB230BF575E}.Release|Any CPU.ActiveCfg = Release|Any CPU
		{1E11CEF6-74FA-423D-A12F-8CB230BF575E}.Release|Any CPU.Build.0 = Release|Any CPU
		{6E559A40-C19C-4D39-8E75-611CCB2E373B}.Debug|Any CPU.ActiveCfg = Debug|Any CPU
		{6E559A40-C19C-4D39-8E75-611CCB2E373B}.Debug|Any CPU.Build.0 = Debug|Any CPU
		{6E559A40-C19C-4D39-8E75-611CCB2E373B}.Release|Any CPU.ActiveCfg = Release|Any CPU
		{6E559A40-C19C-4D39-8E75-611CCB2E373B}.Release|Any CPU.Build.0 = Release|Any CPU
		{394AB590-2546-43B0-863E-4019757A4672}.Debug|Any CPU.ActiveCfg = Debug|Any CPU
		{394AB590-2546-43B0-863E-4019757A4672}.Debug|Any CPU.Build.0 = Debug|Any CPU
		{394AB590-2546-43B0-863E-4019757A4672}.Release|Any CPU.ActiveCfg = Release|Any CPU
		{394AB590-2546-43B0-863E-4019757A4672}.Release|Any CPU.Build.0 = Release|Any CPU
	EndGlobalSection
	GlobalSection(SolutionProperties) = preSolution
		HideSolutionNode = FALSE
	EndGlobalSection
	GlobalSection(NestedProjects) = preSolution
		{C29B5534-D27E-4E52-B472-1DEB135F2DA6} = {E7820FDC-4014-47D6-B20E-E92718B5ACBA}
		{5DFFB0CD-E66F-4EE0-B64D-99A30B5E72C5} = {64D3593A-9755-4E55-8E80-E0AA93788541}
		{1E11CEF6-74FA-423D-A12F-8CB230BF575E} = {B156C1D8-567E-4310-8B2F-0B5006471336}
		{6E559A40-C19C-4D39-8E75-611CCB2E373B} = {B156C1D8-567E-4310-8B2F-0B5006471336}
		{394AB590-2546-43B0-863E-4019757A4672} = {B156C1D8-567E-4310-8B2F-0B5006471336}
	EndGlobalSection
	GlobalSection(ExtensibilityGlobals) = postSolution
		SolutionGuid = {1C79E887-938B-417E-8BAF-5DFA62274555}
	EndGlobalSection
EndGlobal
